
Microsoft Visual Studio Solution File, Format Version 12.00
# Visual Studio Version 16
VisualStudioVersion = 25.0.1703.0
MinimumVisualStudioVersion = 10.0.40219.1
Project("{FAE04EC0-301F-11D3-BF4B-00C04F79EFBC}") = "LinkedList.Test", "LinkedList.Test\LinkedList.Test.csproj", "{ADA24042-914E-451C-B0BC-65956E6D8B7B}"
EndProject
Project("{FAE04EC0-301F-11D3-BF4B-00C04F79EFBC}") = "LinkedList", "LinkedList\LinkedList.csproj", "{8094CDC3-829B-4166-88CC-802E3EFB146B}"
EndProject
Global
	GlobalSection(SolutionConfigurationPlatforms) = preSolution
		Debug|Any CPU = Debug|Any CPU
		Release|Any CPU = Release|Any CPU
	EndGlobalSection
	GlobalSection(ProjectConfigurationPlatforms) = postSolution
		{ADA24042-914E-451C-B0BC-65956E6D8B7B}.Debug|Any CPU.ActiveCfg = Debug|Any CPU
		{ADA24042-914E-451C-B0BC-65956E6D8B7B}.Debug|Any CPU.Build.0 = Debug|Any CPU
		{ADA24042-914E-451C-B0BC-65956E6D8B7B}.Release|Any CPU.ActiveCfg = Release|Any CPU
		{ADA24042-914E-451C-B0BC-65956E6D8B7B}.Release|Any CPU.Build.0 = Release|Any CPU
		{8094CDC3-829B-4166-88CC-802E3EFB146B}.Debug|Any CPU.ActiveCfg = Debug|Any CPU
		{8094CDC3-829B-4166-88CC-802E3EFB146B}.Debug|Any CPU.Build.0 = Debug|Any CPU
		{8094CDC3-829B-4166-88CC-802E3EFB146B}.Release|Any CPU.ActiveCfg = Release|Any CPU
		{8094CDC3-829B-4166-88CC-802E3EFB146B}.Release|Any CPU.Build.0 = Release|Any CPU
	EndGlobalSection
	GlobalSection(SolutionProperties) = preSolution
		HideSolutionNode = FALSE
	EndGlobalSection
	GlobalSection(ExtensibilityGlobals) = postSolution
		SolutionGuid = {8640EF4B-948D-40EB-88C9-46B10681EBEE}
	EndGlobalSection
EndGlobal
